
Microsoft Visual Studio Solution File, Format Version 12.00
# Visual Studio Version 17
VisualStudioVersion = 17.1.32228.430
MinimumVisualStudioVersion = 10.0.40219.1
Project("{FAE04EC0-301F-11D3-BF4B-00C04F79EFBC}") = "NET", "NET\NET.csproj", "{E7EF6E37-AA10-4752-B3F7-64673986B865}"
EndProject
Global
	GlobalSection(SolutionConfigurationPlatforms) = preSolution
		Debug|Any CPU = Debug|Any CPU
		Release|Any CPU = Release|Any CPU
	EndGlobalSection
	GlobalSection(ProjectConfigurationPlatforms) = postSolution
		{E7EF6E37-AA10-4752-B3F7-64673986B865}.Debug|Any CPU.ActiveCfg = Debug|Any CPU
		{E7EF6E37-AA10-4752-B3F7-64673986B865}.Debug|Any CPU.Build.0 = Debug|Any CPU
		{E7EF6E37-AA10-4752-B3F7-64673986B865}.Release|Any CPU.ActiveCfg = Release|Any CPU
		{E7EF6E37-AA10-4752-B3F7-64673986B865}.Release|Any CPU.Build.0 = Release|Any CPU
	EndGlobalSection
	GlobalSection(SolutionProperties) = preSolution
		HideSolutionNode = FALSE
	EndGlobalSection
	GlobalSection(ExtensibilityGlobals) = postSolution
		SolutionGuid = {760B87A2-BCB1-4F4E-AFCE-030A8552E18C}
	EndGlobalSection
EndGlobal
